# This file is @generated by PDM.
# It is not intended for manual editing.

[metadata]
groups = ["default"]
strategy = ["inherit_metadata"]
lock_version = "4.5.0"
content_hash = "sha256:749b5d1842d5a1a7b8acf77120e910dcfa504732492e886192d918fadfde8249"

[[metadata.targets]]
requires_python = "==3.13.*"

[[package]]
name = "certifi"
version = "2026.4.22"
requires_python = ">=3.7"
summary = "Python package for providing Mozilla's CA Bundle."
groups = ["default"]
files = [
    {file = "certifi-2026.4.22-py3-none-any.whl", hash = "sha256:3cb2210c8f88ba2318d29b0388d1023c8492ff72ecdde4ebdaddbb13a31b1c4a"},
    {file = "certifi-2026.4.22.tar.gz", hash = "sha256:8d455352a37b71bf76a79caa83a3d6c25afee4a385d632127b6afb3963f1c580"},
]

[[package]]
name = "charset-normalizer"
version = "3.4.7"
requires_python = ">=3.7"
summary = "The Real First Universal Charset Detector. Open, modern and actively maintained alternative to Chardet."
groups = ["default"]
files = [
    {file = "charset_normalizer-3.4.7-cp313-cp313-macosx_10_13_universal2.whl", hash = "sha256:f496c9c3cc02230093d8330875c4c3cdfc3b73612a5fd921c65d39cbcef08063"},
    {file = "charset_normalizer-3.4.7-cp313-cp313-manylinux2014_aarch64.manylinux_2_17_aarch64.manylinux_2_28_aarch64.whl", hash = "sha256:0ea948db76d31190bf08bd371623927ee1339d5f2a0b4b1b4a4439a65298703c"},
    {file = "charset_normalizer-3.4.7-cp313-cp313-manylinux2014_ppc64le.manylinux_2_17_ppc64le.manylinux_2_28_ppc64le.whl", hash = "sha256:a277ab8928b9f299723bc1a2dabb1265911b1a76341f90a510368ca44ad9ab66"},
    {file = "charset_normalizer-3.4.7-cp313-cp313-manylinux2014_s390x.manylinux_2_17_s390x.manylinux_2_28_s390x.whl", hash = "sha256:3bec022aec2c514d9cf199522a802bd007cd588ab17ab2525f20f9c34d067c18"},
    {file = "charset_normalizer-3.4.7-cp313-cp313-manylinux2014_x86_64.manylinux_2_17_x86_64.manylinux_2_28_x86_64.whl", hash = "sha256:e044c39e41b92c845bc815e5ae4230804e8e7bc29e399b0437d64222d92809dd"},
    {file = "charset_normalizer-3.4.7-cp313-cp313-manylinux_2_31_armv7l.whl", hash = "sha256:f495a1652cf3fbab2eb0639776dad966c2fb874d79d87ca07f9d5f059b8bd215"},
    {file = "charset_normalizer-3.4.7-cp313-cp313-manylinux_2_31_riscv64.manylinux_2_39_riscv64.whl", hash = "sha256:e712b419df8ba5e42b226c510472b37bd57b38e897d3eca5e8cfd410a29fa859"},
    {file = "charset_normalizer-3.4.7-cp313-cp313-musllinux_1_2_aarch64.whl", hash = "sha256:7804338df6fcc08105c7745f1502ba68d900f45fd770d5bdd5288ddccb8a42d8"},
    {file = "charset_normalizer-3.4.7-cp313-cp313-musllinux_1_2_armv7l.whl", hash = "sha256:481551899c856c704d58119b5025793fa6730adda3571971af568f66d2424bb5"},
    {file = "charset_normalizer-3.4.7-cp313-cp313-musllinux_1_2_ppc64le.whl", hash = "sha256:f59099f9b66f0d7145115e6f80dd8b1d847176df89b234a5a6b3f00437aa0832"},
    {file = "charset_normalizer-3.4.7-cp313-cp313-musllinux_1_2_riscv64.whl", hash = "sha256:f59ad4c0e8f6bba240a9bb85504faa1ab438237199d4cce5f622761507b8f6a6"},
    {file = "charset_normalizer-3.4.7-cp313-cp313-musllinux_1_2_s390x.whl", hash = "sha256:3dedcc22d73ec993f42055eff4fcfed9318d1eeb9a6606c55892a26964964e48"},
    {file = "charset_normalizer-3.4.7-cp313-cp313-musllinux_1_2_x86_64.whl", hash = "sha256:64f02c6841d7d83f832cd97ccf8eb8a906d06eb95d5276069175c696b024b60a"},
    {file = "charset_normalizer-3.4.7-cp313-cp313-win32.whl", hash = "sha256:4042d5c8f957e15221d423ba781e85d553722fc4113f523f2feb7b188cc34c5e"},
    {file = "charset_normalizer-3.4.7-cp313-cp313-win_amd64.whl", hash = "sha256:3946fa46a0cf3e4c8cb1cc52f56bb536310d34f25f01ca9b6c16afa767dab110"},
    {file = "charset_normalizer-3.4.7-cp313-cp313-win_arm64.whl", hash = "sha256:80d04837f55fc81da168b98de4f4b797ef007fc8a79ab71c6ec9bc4dd662b15b"},
    {file = "charset_normalizer-3.4.7-py3-none-any.whl", hash = "sha256:3dce51d0f5e7951f8bb4900c257dad282f49190fdbebecd4ba99bcc41fef404d"},
    {file = "charset_normalizer-3.4.7.tar.gz", hash = "sha256:ae89db9e5f98a11a4bf50407d4363e7b09b31e55bc117b4f7d80aab97ba009e5"},
]

[[package]]
name = "idna"
version = "3.13"
requires_python = ">=3.8"
summary = "Internationalized Domain Names in Applications (IDNA)"
groups = ["default"]
files = [
    {file = "idna-3.13-py3-none-any.whl", hash = "sha256:892ea0cde124a99ce773decba204c5552b69c3c67ffd5f232eb7696135bc8bb3"},
    {file = "idna-3.13.tar.gz", hash = "sha256:585ea8fe5d69b9181ec1afba340451fba6ba764af97026f92a91d4eef164a242"},
]

[[package]]
name = "requests"
version = "2.33.1"
requires_python = ">=3.10"
summary = "Python HTTP for Humans."
groups = ["default"]
dependencies = [
    "certifi>=2023.5.7",
    "charset-normalizer<4,>=2",
    "idna<4,>=2.5",
    "urllib3<3,>=1.26",
]
files = [
    {file = "requests-2.33.1-py3-none-any.whl", hash = "sha256:4e6d1ef462f3626a1f0a0a9c42dd93c63bad33f9f1c1937509b8c5c8718ab56a"},
    {file = "requests-2.33.1.tar.gz", hash = "sha256:18817f8c57c6263968bc123d237e3b8b08ac046f5456bd1e307ee8f4250d3517"},
]

[[package]]
name = "urllib3"
version = "2.6.3"
requires_python = ">=3.9"
summary = "HTTP library with thread-safe connection pooling, file post, and more."
groups = ["default"]
files = [
    {file = "urllib3-2.6.3-py3-none-any.whl", hash = "sha256:bf272323e553dfb2e87d9bfd225ca7b0f467b919d7bbd355436d3fd37cb0acd4"},
    {file = "urllib3-2.6.3.tar.gz", hash = "sha256:1b62b6884944a57dbe321509ab94fd4d3b307075e0c2eae991ac71ee15ad38ed"},
]

[[package]]
name = "wasmtime"
version = "44.0.0"
requires_python = ">=3.9"
summary = "A WebAssembly runtime powered by Wasmtime"
groups = ["default"]
files = [
    {file = "wasmtime-44.0.0-py3-none-android_26_arm64_v8a.whl", hash = "sha256:5bc01e2f1dae1e85b19343a718bf2b1dc9f0fa6b9f8c5f2922b9fb4b29fb56bd"},
    {file = "wasmtime-44.0.0-py3-none-android_26_x86_64.whl", hash = "sha256:2e7db391e7cd274c3608bf22a2b2706bfbcc44a233c9a62277f0f03f9e0f48ad"},
    {file = "wasmtime-44.0.0-py3-none-any.whl", hash = "sha256:28903f584fd9707438551ed3878bad61d841be78c715db4e20bf30e43b185825"},
    {file = "wasmtime-44.0.0-py3-none-macosx_10_13_x86_64.whl", hash = "sha256:019923321cf9244ed48d8f3858e50a93500a523c44b31d7b93c8c30195c4b9aa"},
    {file = "wasmtime-44.0.0-py3-none-macosx_11_0_arm64.whl", hash = "sha256:07e96eb5bbf40473ea51f2cb3b3f5358537e41644662e02115edf5bd7883c9ca"},
    {file = "wasmtime-44.0.0-py3-none-manylinux1_x86_64.whl", hash = "sha256:f8d5bbd234bb99f9e94e284fba67b5e899ddebe2d4be7384f78396bdd4ce27a6"},
    {file = "wasmtime-44.0.0-py3-none-manylinux2014_aarch64.whl", hash = "sha256:e686644bcddfec89095c9fd982b0848ab5e494ece865517214a63430b2ed08f8"},
    {file = "wasmtime-44.0.0-py3-none-musllinux_1_2_aarch64.whl", hash = "sha256:7326e8cc02b583a7817cf50029d8e9b06c13d2f3573b3e677dbe51a8c52245d7"},
    {file = "wasmtime-44.0.0-py3-none-musllinux_1_2_x86_64.whl", hash = "sha256:a7840d7d81e59ff666067031b3bde727ff28f923c5040b1a3cae4d8d37340f18"},
    {file = "wasmtime-44.0.0-py3-none-win_amd64.whl", hash = "sha256:4b5c52475148f827abd9feff4460689f6979c0333b612c6c3d9211c4b7c7258d"},
    {file = "wasmtime-44.0.0-py3-none-win_arm64.whl", hash = "sha256:931cd4d886ae6a2a06f5cfe47bf6f7a3b2635fa512a81cd1c55975505ace8cc1"},
    {file = "wasmtime-44.0.0.tar.gz", hash = "sha256:1e5e7a7046136054e12f82101a9b5ce30b02d4f92946e6fbe3e2fced61a6b1a5"},
]
